
Microsoft Visual Studio Solution File, Format Version 12.00
# Visual Studio Version 17
VisualStudioVersion = 17.4.33403.182
MinimumVisualStudioVersion = 10.0.40219.1
Project("{9A19103F-16F7-4668-BE54-9A1E7A4F7556}") = "decoder", "decoder\decoder.csproj", "{4319AFCE-E2BA-4298-89CC-1F2671FC4AFE}"
EndProject
Project("{9A19103F-16F7-4668-BE54-9A1E7A4F7556}") = "encoder", "encoder\encoder.csproj", "{7CD7803C-CACB-4722-9261-07F72001CBCC}"
EndProject
Project("{2150E333-8FDC-42A3-9474-1A3956D46DE8}") = "Solution Items", "Solution Items", "{400D268C-2BA1-4B88-80FE-87ADC929C084}"
	ProjectSection(SolutionItems) = preProject
		.editorconfig = .editorconfig
		IgnoredWords.dic = IgnoredWords.dic
	EndProjectSection
EndProject
Project("{9A19103F-16F7-4668-BE54-9A1E7A4F7556}") = "info", "info\info.csproj", "{C3FE7D96-3828-4207-8CF2-407345BF187E}"
EndProject
Project("{D954291E-2A0B-460D-934E-DC6B0785DB48}") = "shared", "shared\shared.shproj", "{79885E8A-B811-4B4E-BD93-D2D639E03A1C}"
EndProject
Project("{FAE04EC0-301F-11D3-BF4B-00C04F79EFBC}") = "heifapi", "heifapi\heifapi.csproj", "{17599582-373C-476C-A274-B5C9A47421AF}"
EndProject
Global
	GlobalSection(SolutionConfigurationPlatforms) = preSolution
		Debug|Any CPU = Debug|Any CPU
		Release|Any CPU = Release|Any CPU
	EndGlobalSection
	GlobalSection(ProjectConfigurationPlatforms) = postSolution
		{4319AFCE-E2BA-4298-89CC-1F2671FC4AFE}.Debug|Any CPU.ActiveCfg = Debug|Any CPU
		{4319AFCE-E2BA-4298-89CC-1F2671FC4AFE}.Debug|Any CPU.Build.0 = Debug|Any CPU
		{4319AFCE-E2BA-4298-89CC-1F2671FC4AFE}.Release|Any CPU.ActiveCfg = Release|Any CPU
		{4319AFCE-E2BA-4298-89CC-1F2671FC4AFE}.Release|Any CPU.Build.0 = Release|Any CPU
		{7CD7803C-CACB-4722-9261-07F72001CBCC}.Debug|Any CPU.ActiveCfg = Debug|Any CPU
		{7CD7803C-CACB-4722-9261-07F72001CBCC}.Debug|Any CPU.Build.0 = Debug|Any CPU
		{7CD7803C-CACB-4722-9261-07F72001CBCC}.Release|Any CPU.ActiveCfg = Release|Any CPU
		{7CD7803C-CACB-4722-9261-07F72001CBCC}.Release|Any CPU.Build.0 = Release|Any CPU
		{C3FE7D96-3828-4207-8CF2-407345BF187E}.Debug|Any CPU.ActiveCfg = Debug|Any CPU
		{C3FE7D96-3828-4207-8CF2-407345BF187E}.Debug|Any CPU.Build.0 = Debug|Any CPU
		{C3FE7D96-3828-4207-8CF2-407345BF187E}.Release|Any CPU.ActiveCfg = Release|Any CPU
		{C3FE7D96-3828-4207-8CF2-407345BF187E}.Release|Any CPU.Build.0 = Release|Any CPU
		{17599582-373C-476C-A274-B5C9A47421AF}.Debug|Any CPU.ActiveCfg = Debug|Any CPU
		{17599582-373C-476C-A274-B5C9A47421AF}.Debug|Any CPU.Build.0 = Debug|Any CPU
		{17599582-373C-476C-A274-B5C9A47421AF}.Release|Any CPU.ActiveCfg = Release|Any CPU
		{17599582-373C-476C-A274-B5C9A47421AF}.Release|Any CPU.Build.0 = Release|Any CPU
	EndGlobalSection
	GlobalSection(SolutionProperties) = preSolution
		HideSolutionNode = FALSE
	EndGlobalSection
	GlobalSection(ExtensibilityGlobals) = postSolution
		SolutionGuid = {4125DE00-AA5E-4BA6-B3D6-0757E9A7F203}
	EndGlobalSection
	GlobalSection(SharedMSBuildProjectFiles) = preSolution
		shared\shared.projitems*{17599582-373c-476c-a274-b5c9a47421af}*SharedItemsImports = 5
		shared\shared.projitems*{4319afce-e2ba-4298-89cc-1f2671fc4afe}*SharedItemsImports = 5
		shared\shared.projitems*{79885e8a-b811-4b4e-bd93-d2d639e03a1c}*SharedItemsImports = 13
		shared\shared.projitems*{7cd7803c-cacb-4722-9261-07f72001cbcc}*SharedItemsImports = 5
		shared\shared.projitems*{c3fe7d96-3828-4207-8cf2-407345bf187e}*SharedItemsImports = 5
	EndGlobalSection
EndGlobal
